
Microsoft Visual Studio Solution File, Format Version 12.00
# Visual Studio 2012
Project("{FAE04EC0-301F-11D3-BF4B-00C04F79EFBC}") = "PollfishGooglePlayDroid", "PollfishGooglePlayDroid\PollfishGooglePlayDroid.csproj", "{6A7C45E3-A27D-4E4B-960B-B55FE1CE07D1}"
EndProject
Project("{FAE04EC0-301F-11D3-BF4B-00C04F79EFBC}") = "PollfishUniversalDroid", "PollfishUniversalDroid\PollfishUniversalDroid.csproj", "{D71A975F-9C96-4E99-A46B-475D4311E247}"
EndProject
Global
	GlobalSection(SolutionConfigurationPlatforms) = preSolution
		Debug|Any CPU = Debug|Any CPU
		Release|Any CPU = Release|Any CPU
	EndGlobalSection
	GlobalSection(ProjectConfigurationPlatforms) = postSolution
		{6A7C45E3-A27D-4E4B-960B-B55FE1CE07D1}.Debug|Any CPU.ActiveCfg = Debug|Any CPU
		{6A7C45E3-A27D-4E4B-960B-B55FE1CE07D1}.Debug|Any CPU.Build.0 = Debug|Any CPU
		{6A7C45E3-A27D-4E4B-960B-B55FE1CE07D1}.Release|Any CPU.ActiveCfg = Release|Any CPU
		{6A7C45E3-A27D-4E4B-960B-B55FE1CE07D1}.Release|Any CPU.Build.0 = Release|Any CPU
		{D71A975F-9C96-4E99-A46B-475D4311E247}.Debug|Any CPU.ActiveCfg = Debug|Any CPU
		{D71A975F-9C96-4E99-A46B-475D4311E247}.Debug|Any CPU.Build.0 = Debug|Any CPU
		{D71A975F-9C96-4E99-A46B-475D4311E247}.Release|Any CPU.ActiveCfg = Release|Any CPU
		{D71A975F-9C96-4E99-A46B-475D4311E247}.Release|Any CPU.Build.0 = Release|Any CPU
	EndGlobalSection
EndGlobal
